
Microsoft Visual Studio Solution File, Format Version 12.00
# Visual Studio Version 18
VisualStudioVersion = 18.8.11925.187
MinimumVisualStudioVersion = 10.0.40219.1
Project("{FAE04EC0-301F-11D3-BF4B-00C04F79EFBC}") = "NosGm.Algorithm", "Data\NosGm.Algorithm\NosGm.Algorithm.csproj", "{6681EB59-1773-45BE-9F10-099524882836}"
EndProject
Project("{2150E333-8FDC-42A3-9474-1A3956D46DE8}") = "NosGm.Domain", "NosGm.Domain", "{2494F96A-FC6B-4C7F-B5DE-17AD1D957ABD}"
EndProject
Project("{2150E333-8FDC-42A3-9474-1A3956D46DE8}") = "NosGm.ChickenAPI", "NosGm.ChickenAPI", "{5FA42254-7721-4499-9DF2-7C3CEB18EC74}"
EndProject
Project("{FAE04EC0-301F-11D3-BF4B-00C04F79EFBC}") = "ChickenAPI.DAL", "Data\NosGm.ChickenAPI\ChickenAPI.DAL\ChickenAPI.DAL.csproj", "{8D199C92-D754-461F-89B0-83C2B4E6DF9F}"
EndProject
Project("{FAE04EC0-301F-11D3-BF4B-00C04F79EFBC}") = "ChickenAPI.Events", "Data\NosGm.ChickenAPI\ChickenAPI.Events\ChickenAPI.Events.csproj", "{DECB5668-600C-49F1-A5C8-CDE5A12C9F5A}"
EndProject
Project("{FAE04EC0-301F-11D3-BF4B-00C04F79EFBC}") = "ChickenAPI.Plugins", "Data\NosGm.ChickenAPI\ChickenAPI.Plugins\ChickenAPI.Plugins.csproj", "{A8289E58-4507-4614-8A28-9FF936BEE009}"
EndProject
Project("{2150E333-8FDC-42A3-9474-1A3956D46DE8}") = "NosGm.DAL", "NosGm.DAL", "{0BA58F1C-DD60-44D2-BEFC-934FBF3B2FE6}"
EndProject
Project("{FAE04EC0-301F-11D3-BF4B-00C04F79EFBC}") = "NosGm.DAL", "Data\NosGm.DAL\NosGm.DAL\NosGm.DAL.csproj", "{D8C8A266-3D46-42C5-A492-28C75DB85BA8}"
EndProject
Project("{FAE04EC0-301F-11D3-BF4B-00C04F79EFBC}") = "NosGm.DAL.DAO", "Data\NosGm.DAL\NosGm.DAL.DAO\NosGm.DAL.DAO.csproj", "{B438A1DF-0CFB-4854-82B5-2751793279BF}"
EndProject
Project("{FAE04EC0-301F-11D3-BF4B-00C04F79EFBC}") = "NosGm.DAL.EF", "Data\NosGm.DAL\NosGm.DAL.EF\NosGm.DAL.EF.csproj", "{4AECC47D-098A-4493-8E1E-D10EDBB7A189}"
EndProject
Project("{FAE04EC0-301F-11D3-BF4B-00C04F79EFBC}") = "NosGm.DAL.Interface", "Data\NosGm.DAL\NosGm.DAL.Interface\NosGm.DAL.Interface.csproj", "{175C851B-8DC8-43A5-AF93-AF32D106CD77}"
EndProject
Project("{FAE04EC0-301F-11D3-BF4B-00C04F79EFBC}") = "NosGm.Data", "Data\NosGm.DAL\NosGm.Data\NosGm.Data.csproj", "{F1071DED-3D92-4416-9B9C-8664441ADE64}"
EndProject
Project("{FAE04EC0-301F-11D3-BF4B-00C04F79EFBC}") = "NosGm.Mapper", "Data\NosGm.DAL\NosGm.Mapper\NosGm.Mapper.csproj", "{057B5A6F-378A-4BD9-B17B-074C7F5C9FEC}"
EndProject
Project("{2150E333-8FDC-42A3-9474-1A3956D46DE8}") = "NosGm.Program", "NosGm.Program", "{C68114B9-0B52-4F03-88A7-C45195B2C18A}"
	ProjectSection(SolutionItems) = preProject
		bin\Release\Start.bat = bin\Release\Start.bat
	EndProjectSection
EndProject
Project("{FAE04EC0-301F-11D3-BF4B-00C04F79EFBC}") = "NosGm.LogServer", "Data\NosGm.Program\NosGm.Logger\NosGm.LogServer.csproj", "{A09A8666-2598-4F86-8F5E-9A2708354F37}"
EndProject
Project("{FAE04EC0-301F-11D3-BF4B-00C04F79EFBC}") = "NosGm.Domain", "Data\NosGm.Domain\NosGm.Domain.csproj", "{20ADDDDD-DAD9-44F3-9BEB-026C73090660}"
EndProject
Project("{FAE04EC0-301F-11D3-BF4B-00C04F79EFBC}") = "NosGm.Core", "Data\NosGm.Core\NosGm.Core.csproj", "{C93A0A40-0551-4732-B594-171B87679AC1}"
EndProject
Project("{FAE04EC0-301F-11D3-BF4B-00C04F79EFBC}") = "NosGm.Configuration", "Data\NosGm.Configuration\NosGm.Configuration.csproj", "{011EE023-E1B8-4645-BBE9-94AC35B55390}"
EndProject
Project("{2150E333-8FDC-42A3-9474-1A3956D46DE8}") = "NosGm.World", "NosGm.World", "{DCD8D9D8-0546-4C31-8808-D4A37FAC2814}"
EndProject
Project("{2150E333-8FDC-42A3-9474-1A3956D46DE8}") = "NosGm.SCS", "NosGm.SCS", "{E7311CE9-D4FD-41E5-86DB-0C03A15CA1A3}"
EndProject
Project("{FAE04EC0-301F-11D3-BF4B-00C04F79EFBC}") = "NosGm.SCS", "NosGm.SCS\NosGm.SCS.csproj", "{F030D498-8F64-479F-B68B-7B2A6288552A}"
EndProject
Project("{FAE04EC0-301F-11D3-BF4B-00C04F79EFBC}") = "NosGm.Extension", "Data\NosGm.Extension\NosGm.Extension.csproj", "{464CFEBD-B7D4-4D5F-97B5-0D38786B65A1}"
EndProject
Project("{FAE04EC0-301F-11D3-BF4B-00C04F79EFBC}") = "NosGm.Packets", "Data\NosGm.Packets\NosGm.Packets.csproj", "{865A727D-5369-40CA-9085-DC6E751522D7}"
EndProject
Project("{FAE04EC0-301F-11D3-BF4B-00C04F79EFBC}") = "NosGm.GameObject", "Data\NosGm.GameObject\NosGm.GameObject.csproj", "{EADD17BE-20A4-4589-830E-E41BE9314928}"
EndProject
Project("{FAE04EC0-301F-11D3-BF4B-00C04F79EFBC}") = "NosGm.Handler", "Data\NosGm.Handler\NosGm.Handler.csproj", "{A6748A8D-0D96-41B9-A110-DBF692AFC56D}"
EndProject
Project("{FAE04EC0-301F-11D3-BF4B-00C04F79EFBC}") = "NosGm.Master.Library", "Data\NosGm.Master.Library\NosGm.Master.Library.csproj", "{8FABDA5B-C873-4E32-A78F-08A9A4768595}"
EndProject
Project("{FAE04EC0-301F-11D3-BF4B-00C04F79EFBC}") = "NosGm.PathFinder", "Data\NosGm.PathFinder\NosGm.PathFinder.csproj", "{4BC2B4B0-2A38-4274-98A2-37CEF5F03B42}"
EndProject
Project("{FAE04EC0-301F-11D3-BF4B-00C04F79EFBC}") = "NosGm.Plugin.BasicImplementations", "Data\NosGm.Plugin\NosGm.Plugin.BasicImplementations\NosGm.Plugin.BasicImplementations.csproj", "{B5FE46A3-9C85-44D9-8EFB-4A33E7E77C4A}"
EndProject
Project("{FAE04EC0-301F-11D3-BF4B-00C04F79EFBC}") = "NosGm.Login", "Data\NosGm.Program\NosGm.Login\NosGm.Login.csproj", "{AB3A47F3-3B2A-484A-B768-7C6CF5C83386}"
EndProject
Project("{FAE04EC0-301F-11D3-BF4B-00C04F79EFBC}") = "NosGm.Master.Server", "Data\NosGm.Program\NosGm.Master.Server\NosGm.Master.Server.csproj", "{9AA91BF5-88E7-4130-9F42-73AE206E2916}"
EndProject
Project("{FAE04EC0-301F-11D3-BF4B-00C04F79EFBC}") = "NosGm.Parser", "Data\NosGm.Program\NosGm.Parser\NosGm.Parser.csproj", "{9DC21067-A102-419A-993C-4AA10C0B4708}"
EndProject
Project("{FAE04EC0-301F-11D3-BF4B-00C04F79EFBC}") = "NosGm.World", "Data\NosGm.Program\NosGm.World\NosGm.World.csproj", "{EC300279-181E-4E6E-A94C-E8BAF0EAB2AD}"
EndProject
Project("{FAE04EC0-301F-11D3-BF4B-00C04F79EFBC}") = "NosGm.XMLModel", "Data\NosGm.XMLModel\NosGm.XMLModel.csproj", "{CE1BCBE7-EDB7-4564-A11E-8D90868DF9D0}"
EndProject
Project("{2150E333-8FDC-42A3-9474-1A3956D46DE8}") = "NosGm.Data", "NosGm.Data", "{5FB06A57-00C9-4AD5-AE00-25328FDF8EE0}"
	ProjectSection(SolutionItems) = preProject
		Data\NosGm.Changelog.txt = Data\NosGm.Changelog.txt
		Data\NosGm.Features.txt = Data\NosGm.Features.txt
		NosGm.Helper.txt = NosGm.Helper.txt
		Data\NosGm.TODO.txt = Data\NosGm.TODO.txt
	EndProjectSection
EndProject
Project("{2150E333-8FDC-42A3-9474-1A3956D46DE8}") = "NosGm.Script", "NosGm.Script", "{9C14B463-4E7B-4692-A7D6-F52D632C85C0}"
EndProject
Project("{2150E333-8FDC-42A3-9474-1A3956D46DE8}") = "Raid", "Raid", "{FB854081-C64C-43DB-92C3-42500A720638}"
EndProject
Project("{2150E333-8FDC-42A3-9474-1A3956D46DE8}") = "TimeSpace", "TimeSpace", "{F8D76798-FF24-43B0-84CA-F335AAB77213}"
EndProject
Project("{2150E333-8FDC-42A3-9474-1A3956D46DE8}") = "SQL", "SQL", "{FF5C053F-616B-4308-BE71-B8B64DD80239}"
	ProjectSection(SolutionItems) = preProject
		Raidbox.sql = Raidbox.sql
	EndProjectSection
EndProject
Project("{2150E333-8FDC-42A3-9474-1A3956D46DE8}") = "Raidboxes", "Raidboxes", "{827D7FC4-E1BB-4075-8C94-F2E5EB043794}"
EndProject
Project("{9A19103F-16F7-4668-BE54-9A1E7A4F7556}") = "NosTale.Module.Bazaar", "Data\NosGm.Program\NosTale.Module.Bazaar\NosTale.Module.Bazaar.csproj", "{B6E096AC-3141-46DA-8CE6-545D7776D9D8}"
EndProject
Project("{9A19103F-16F7-4668-BE54-9A1E7A4F7556}") = "NosTale.Modules", "Data\NosGm.Program\NosTale.Modules\NosTale.Modules.csproj", "{D1EC765C-EA41-4DC6-944D-0DB37157DEE3}"
EndProject
Project("{2150E333-8FDC-42A3-9474-1A3956D46DE8}") = "Data", "Data", "{015FE221-96B2-289B-A0E8-6E7354784A75}"
EndProject
Project("{FAE04EC0-301F-11D3-BF4B-00C04F79EFBC}") = "NosGm.AI", "Data\NosGm.AI\NosGm.AI.csproj", "{9490738C-9D49-4A92-B874-5E438C8DBF0F}"
EndProject
Global
	GlobalSection(SolutionConfigurationPlatforms) = preSolution
		Debug|Any CPU = Debug|Any CPU
		Debug|x64 = Debug|x64
		Debug|x86 = Debug|x86
		Release|Any CPU = Release|Any CPU
		Release|x64 = Release|x64
		Release|x86 = Release|x86
	EndGlobalSection
	GlobalSection(ProjectConfigurationPlatforms) = postSolution
		{6681EB59-1773-45BE-9F10-099524882836}.Debug|Any CPU.ActiveCfg = Debug|Any CPU
		{6681EB59-1773-45BE-9F10-099524882836}.Debug|Any CPU.Build.0 = Debug|Any CPU
		{6681EB59-1773-45BE-9F10-099524882836}.Debug|x64.ActiveCfg = Debug|Any CPU
		{6681EB59-1773-45BE-9F10-099524882836}.Debug|x64.Build.0 = Debug|Any CPU
		{6681EB59-1773-45BE-9F10-099524882836}.Debug|x86.ActiveCfg = Debug|Any CPU
		{6681EB59-1773-45BE-9F10-099524882836}.Debug|x86.Build.0 = Debug|Any CPU
		{6681EB59-1773-45BE-9F10-099524882836}.Release|Any CPU.ActiveCfg = Release|Any CPU
		{6681EB59-1773-45BE-9F10-099524882836}.Release|Any CPU.Build.0 = Release|Any CPU
		{6681EB59-1773-45BE-9F10-099524882836}.Release|x64.ActiveCfg = Release|Any CPU
		{6681EB59-1773-45BE-9F10-099524882836}.Release|x64.Build.0 = Release|Any CPU
		{6681EB59-1773-45BE-9F10-099524882836}.Release|x86.ActiveCfg = Release|Any CPU
		{6681EB59-1773-45BE-9F10-099524882836}.Release|x86.Build.0 = Release|Any CPU
		{8D199C92-D754-461F-89B0-83C2B4E6DF9F}.Debug|Any CPU.ActiveCfg = Debug|Any CPU
		{8D199C92-D754-461F-89B0-83C2B4E6DF9F}.Debug|Any CPU.Build.0 = Debug|Any CPU
		{8D199C92-D754-461F-89B0-83C2B4E6DF9F}.Debug|x64.ActiveCfg = Debug|Any CPU
		{8D199C92-D754-461F-89B0-83C2B4E6DF9F}.Debug|x64.Build.0 = Debug|Any CPU
		{8D199C92-D754-461F-89B0-83C2B4E6DF9F}.Debug|x86.ActiveCfg = Debug|Any CPU
		{8D199C92-D754-461F-89B0-83C2B4E6DF9F}.Debug|x86.Build.0 = Debug|Any CPU
		{8D199C92-D754-461F-89B0-83C2B4E6DF9F}.Release|Any CPU.ActiveCfg = Release|Any CPU
		{8D199C92-D754-461F-89B0-83C2B4E6DF9F}.Release|Any CPU.Build.0 = Release|Any CPU
		{8D199C92-D754-461F-89B0-83C2B4E6DF9F}.Release|x64.ActiveCfg = Release|Any CPU
		{8D199C92-D754-461F-89B0-83C2B4E6DF9F}.Release|x64.Build.0 = Release|Any CPU
		{8D199C92-D754-461F-89B0-83C2B4E6DF9F}.Release|x86.ActiveCfg = Release|Any CPU
		{8D199C92-D754-461F-89B0-83C2B4E6DF9F}.Release|x86.Build.0 = Release|Any CPU
		{DECB5668-600C-49F1-A5C8-CDE5A12C9F5A}.Debug|Any CPU.ActiveCfg = Debug|Any CPU
		{DECB5668-600C-49F1-A5C8-CDE5A12C9F5A}.Debug|Any CPU.Build.0 = Debug|Any CPU
		{DECB5668-600C-49F1-A5C8-CDE5A12C9F5A}.Debug|x64.ActiveCfg = Debug|Any CPU
		{DECB5668-600C-49F1-A5C8-CDE5A12C9F5A}.Debug|x64.Build.0 = Debug|Any CPU
		{DECB5668-600C-49F1-A5C8-CDE5A12C9F5A}.Debug|x86.ActiveCfg = Debug|Any CPU
		{DECB5668-600C-49F1-A5C8-CDE5A12C9F5A}.Debug|x86.Build.0 = Debug|Any CPU
		{DECB5668-600C-49F1-A5C8-CDE5A12C9F5A}.Release|Any CPU.ActiveCfg = Release|Any CPU
		{DECB5668-600C-49F1-A5C8-CDE5A12C9F5A}.Release|Any CPU.Build.0 = Release|Any CPU
		{DECB5668-600C-49F1-A5C8-CDE5A12C9F5A}.Release|x64.ActiveCfg = Release|Any CPU
		{DECB5668-600C-49F1-A5C8-CDE5A12C9F5A}.Release|x64.Build.0 = Release|Any CPU
		{DECB5668-600C-49F1-A5C8-CDE5A12C9F5A}.Release|x86.ActiveCfg = Release|Any CPU
		{DECB5668-600C-49F1-A5C8-CDE5A12C9F5A}.Release|x86.Build.0 = Release|Any CPU
		{A8289E58-4507-4614-8A28-9FF936BEE009}.Debug|Any CPU.ActiveCfg = Debug|Any CPU
		{A8289E58-4507-4614-8A28-9FF936BEE009}.Debug|Any CPU.Build.0 = Debug|Any CPU
		{A8289E58-4507-4614-8A28-9FF936BEE009}.Debug|x64.ActiveCfg = Debug|Any CPU
		{A8289E58-4507-4614-8A28-9FF936BEE009}.Debug|x64.Build.0 = Debug|Any CPU
		{A8289E58-4507-4614-8A28-9FF936BEE009}.Debug|x86.ActiveCfg = Debug|Any CPU
		{A8289E58-4507-4614-8A28-9FF936BEE009}.Debug|x86.Build.0 = Debug|Any CPU
		{A8289E58-4507-4614-8A28-9FF936BEE009}.Release|Any CPU.ActiveCfg = Release|Any CPU
		{A8289E58-4507-4614-8A28-9FF936BEE009}.Release|Any CPU.Build.0 = Release|Any CPU
		{A8289E58-4507-4614-8A28-9FF936BEE009}.Release|x64.ActiveCfg = Release|Any CPU
		{A8289E58-4507-4614-8A28-9FF936BEE009}.Release|x64.Build.0 = Release|Any CPU
		{A8289E58-4507-4614-8A28-9FF936BEE009}.Release|x86.ActiveCfg = Release|Any CPU
		{A8289E58-4507-4614-8A28-9FF936BEE009}.Release|x86.Build.0 = Release|Any CPU
		{D8C8A266-3D46-42C5-A492-28C75DB85BA8}.Debug|Any CPU.ActiveCfg = Debug|Any CPU
		{D8C8A266-3D46-42C5-A492-28C75DB85BA8}.Debug|Any CPU.Build.0 = Debug|Any CPU
		{D8C8A266-3D46-42C5-A492-28C75DB85BA8}.Debug|x64.ActiveCfg = Debug|x64
		{D8C8A266-3D46-42C5-A492-28C75DB85BA8}.Debug|x64.Build.0 = Debug|x64
		{D8C8A266-3D46-42C5-A492-28C75DB85BA8}.Debug|x86.ActiveCfg = Debug|x86
		{D8C8A266-3D46-42C5-A492-28C75DB85BA8}.Debug|x86.Build.0 = Debug|x86
		{D8C8A266-3D46-42C5-A492-28C75DB85BA8}.Release|Any CPU.ActiveCfg = Release|Any CPU
		{D8C8A266-3D46-42C5-A492-28C75DB85BA8}.Release|Any CPU.Build.0 = Release|Any CPU
		{D8C8A266-3D46-42C5-A492-28C75DB85BA8}.Release|x64.ActiveCfg = Release|x64
		{D8C8A266-3D46-42C5-A492-28C75DB85BA8}.Release|x64.Build.0 = Release|x64
		{D8C8A266-3D46-42C5-A492-28C75DB85BA8}.Release|x86.ActiveCfg = Release|x86
		{D8C8A266-3D46-42C5-A492-28C75DB85BA8}.Release|x86.Build.0 = Release|x86
		{B438A1DF-0CFB-4854-82B5-2751793279BF}.Debug|Any CPU.ActiveCfg = Debug|Any CPU
		{B438A1DF-0CFB-4854-82B5-2751793279BF}.Debug|Any CPU.Build.0 = Debug|Any CPU
		{B438A1DF-0CFB-4854-82B5-2751793279BF}.Debug|x64.ActiveCfg = Debug|Any CPU
		{B438A1DF-0CFB-4854-82B5-2751793279BF}.Debug|x64.Build.0 = Debug|Any CPU
		{B438A1DF-0CFB-4854-82B5-2751793279BF}.Debug|x86.ActiveCfg = Debug|Any CPU
		{B438A1DF-0CFB-4854-82B5-2751793279BF}.Debug|x86.Build.0 = Debug|Any CPU
		{B438A1DF-0CFB-4854-82B5-2751793279BF}.Release|Any CPU.ActiveCfg = Release|Any CPU
		{B438A1DF-0CFB-4854-82B5-2751793279BF}.Release|Any CPU.Build.0 = Release|Any CPU
		{B438A1DF-0CFB-4854-82B5-2751793279BF}.Release|x64.ActiveCfg = Release|Any CPU
		{B438A1DF-0CFB-4854-82B5-2751793279BF}.Release|x64.Build.0 = Release|Any CPU
		{B438A1DF-0CFB-4854-82B5-2751793279BF}.Release|x86.ActiveCfg = Release|Any CPU
		{B438A1DF-0CFB-4854-82B5-2751793279BF}.Release|x86.Build.0 = Release|Any CPU
		{4AECC47D-098A-4493-8E1E-D10EDBB7A189}.Debug|Any CPU.ActiveCfg = Debug|Any CPU
		{4AECC47D-098A-4493-8E1E-D10EDBB7A189}.Debug|Any CPU.Build.0 = Debug|Any CPU
		{4AECC47D-098A-4493-8E1E-D10EDBB7A189}.Debug|x64.ActiveCfg = Debug|x64
		{4AECC47D-098A-4493-8E1E-D10EDBB7A189}.Debug|x64.Build.0 = Debug|x64
		{4AECC47D-098A-4493-8E1E-D10EDBB7A189}.Debug|x86.ActiveCfg = Debug|x86
		{4AECC47D-098A-4493-8E1E-D10EDBB7A189}.Debug|x86.Build.0 = Debug|x86
		{4AECC47D-098A-4493-8E1E-D10EDBB7A189}.Release|Any CPU.ActiveCfg = Release|Any CPU
		{4AECC47D-098A-4493-8E1E-D10EDBB7A189}.Release|Any CPU.Build.0 = Release|Any CPU
		{4AECC47D-098A-4493-8E1E-D10EDBB7A189}.Release|x64.ActiveCfg = Release|x64
		{4AECC47D-098A-4493-8E1E-D10EDBB7A189}.Release|x64.Build.0 = Release|x64
		{4AECC47D-098A-4493-8E1E-D10EDBB7A189}.Release|x86.ActiveCfg = Release|x86
		{4AECC47D-098A-4493-8E1E-D10EDBB7A189}.Release|x86.Build.0 = Release|x86
		{175C851B-8DC8-43A5-AF93-AF32D106CD77}.Debug|Any CPU.ActiveCfg = Debug|Any CPU
		{175C851B-8DC8-43A5-AF93-AF32D106CD77}.Debug|Any CPU.Build.0 = Debug|Any CPU
		{175C851B-8DC8-43A5-AF93-AF32D106CD77}.Debug|x64.ActiveCfg = Debug|x64
		{175C851B-8DC8-43A5-AF93-AF32D106CD77}.Debug|x64.Build.0 = Debug|x64
		{175C851B-8DC8-43A5-AF93-AF32D106CD77}.Debug|x86.ActiveCfg = Debug|x86
		{175C851B-8DC8-43A5-AF93-AF32D106CD77}.Debug|x86.Build.0 = Debug|x86
		{175C851B-8DC8-43A5-AF93-AF32D106CD77}.Release|Any CPU.ActiveCfg = Release|Any CPU
		{175C851B-8DC8-43A5-AF93-AF32D106CD77}.Release|Any CPU.Build.0 = Release|Any CPU
		{175C851B-8DC8-43A5-AF93-AF32D106CD77}.Release|x64.ActiveCfg = Release|x64
		{175C851B-8DC8-43A5-AF93-AF32D106CD77}.Release|x64.Build.0 = Release|x64
		{175C851B-8DC8-43A5-AF93-AF32D106CD77}.Release|x86.ActiveCfg = Release|x86
		{175C851B-8DC8-43A5-AF93-AF32D106CD77}.Release|x86.Build.0 = Release|x86
		{F1071DED-3D92-4416-9B9C-8664441ADE64}.Debug|Any CPU.ActiveCfg = Debug|Any CPU
		{F1071DED-3D92-4416-9B9C-8664441ADE64}.Debug|Any CPU.Build.0 = Debug|Any CPU
		{F1071DED-3D92-4416-9B9C-8664441ADE64}.Debug|x64.ActiveCfg = Debug|x64
		{F1071DED-3D92-4416-9B9C-8664441ADE64}.Debug|x64.Build.0 = Debug|x64
		{F1071DED-3D92-4416-9B9C-8664441ADE64}.Debug|x86.ActiveCfg = Debug|x86
		{F1071DED-3D92-4416-9B9C-8664441ADE64}.Debug|x86.Build.0 = Debug|x86
		{F1071DED-3D92-4416-9B9C-8664441ADE64}.Release|Any CPU.ActiveCfg = Release|Any CPU
		{F1071DED-3D92-4416-9B9C-8664441ADE64}.Release|Any CPU.Build.0 = Release|Any CPU
		{F1071DED-3D92-4416-9B9C-8664441ADE64}.Release|x64.ActiveCfg = Release|x64
		{F1071DED-3D92-4416-9B9C-8664441ADE64}.Release|x64.Build.0 = Release|x64
		{F1071DED-3D92-4416-9B9C-8664441ADE64}.Release|x86.ActiveCfg = Release|x86
		{F1071DED-3D92-4416-9B9C-8664441ADE64}.Release|x86.Build.0 = Release|x86
		{057B5A6F-378A-4BD9-B17B-074C7F5C9FEC}.Debug|Any CPU.ActiveCfg = Debug|Any CPU
		{057B5A6F-378A-4BD9-B17B-074C7F5C9FEC}.Debug|Any CPU.Build.0 = Debug|Any CPU
		{057B5A6F-378A-4BD9-B17B-074C7F5C9FEC}.Debug|x64.ActiveCfg = Debug|Any CPU
		{057B5A6F-378A-4BD9-B17B-074C7F5C9FEC}.Debug|x64.Build.0 = Debug|Any CPU
		{057B5A6F-378A-4BD9-B17B-074C7F5C9FEC}.Debug|x86.ActiveCfg = Debug|Any CPU
		{057B5A6F-378A-4BD9-B17B-074C7F5C9FEC}.Debug|x86.Build.0 = Debug|Any CPU
		{057B5A6F-378A-4BD9-B17B-074C7F5C9FEC}.Release|Any CPU.ActiveCfg = Release|Any CPU
		{057B5A6F-378A-4BD9-B17B-074C7F5C9FEC}.Release|Any CPU.Build.0 = Release|Any CPU
		{057B5A6F-378A-4BD9-B17B-074C7F5C9FEC}.Release|x64.ActiveCfg = Release|Any CPU
		{057B5A6F-378A-4BD9-B17B-074C7F5C9FEC}.Release|x64.Build.0 = Release|Any CPU
		{057B5A6F-378A-4BD9-B17B-074C7F5C9FEC}.Release|x86.ActiveCfg = Release|Any CPU
		{057B5A6F-378A-4BD9-B17B-074C7F5C9FEC}.Release|x86.Build.0 = Release|Any CPU
		{A09A8666-2598-4F86-8F5E-9A2708354F37}.Debug|Any CPU.ActiveCfg = Debug|Any CPU
		{A09A8666-2598-4F86-8F5E-9A2708354F37}.Debug|Any CPU.Build.0 = Debug|Any CPU
		{A09A8666-2598-4F86-8F5E-9A2708354F37}.Debug|x64.ActiveCfg = Debug|Any CPU
		{A09A8666-2598-4F86-8F5E-9A2708354F37}.Debug|x64.Build.0 = Debug|Any CPU
		{A09A8666-2598-4F86-8F5E-9A2708354F37}.Debug|x86.ActiveCfg = Debug|Any CPU
		{A09A8666-2598-4F86-8F5E-9A2708354F37}.Debug|x86.Build.0 = Debug|Any CPU
		{A09A8666-2598-4F86-8F5E-9A2708354F37}.Release|Any CPU.ActiveCfg = Release|Any CPU
		{A09A8666-2598-4F86-8F5E-9A2708354F37}.Release|Any CPU.Build.0 = Release|Any CPU
		{A09A8666-2598-4F86-8F5E-9A2708354F37}.Release|x64.ActiveCfg = Release|Any CPU
		{A09A8666-2598-4F86-8F5E-9A2708354F37}.Release|x64.Build.0 = Release|Any CPU
		{A09A8666-2598-4F86-8F5E-9A2708354F37}.Release|x86.ActiveCfg = Release|Any CPU
		{A09A8666-2598-4F86-8F5E-9A2708354F37}.Release|x86.Build.0 = Release|Any CPU
		{20ADDDDD-DAD9-44F3-9BEB-026C73090660}.Debug|Any CPU.ActiveCfg = Debug|Any CPU
		{20ADDDDD-DAD9-44F3-9BEB-026C73090660}.Debug|Any CPU.Build.0 = Debug|Any CPU
		{20ADDDDD-DAD9-44F3-9BEB-026C73090660}.Debug|x64.ActiveCfg = Debug|x64
		{20ADDDDD-DAD9-44F3-9BEB-026C73090660}.Debug|x64.Build.0 = Debug|x64
		{20ADDDDD-DAD9-44F3-9BEB-026C73090660}.Debug|x86.ActiveCfg = Debug|x86
		{20ADDDDD-DAD9-44F3-9BEB-026C73090660}.Debug|x86.Build.0 = Debug|x86
		{20ADDDDD-DAD9-44F3-9BEB-026C73090660}.Release|Any CPU.ActiveCfg = Release|Any CPU
		{20ADDDDD-DAD9-44F3-9BEB-026C73090660}.Release|Any CPU.Build.0 = Release|Any CPU
		{20ADDDDD-DAD9-44F3-9BEB-026C73090660}.Release|x64.ActiveCfg = Release|x64
		{20ADDDDD-DAD9-44F3-9BEB-026C73090660}.Release|x64.Build.0 = Release|x64
		{20ADDDDD-DAD9-44F3-9BEB-026C73090660}.Release|x86.ActiveCfg = Release|x86
		{20ADDDDD-DAD9-44F3-9BEB-026C73090660}.Release|x86.Build.0 = Release|x86
		{C93A0A40-0551-4732-B594-171B87679AC1}.Debug|Any CPU.ActiveCfg = Debug|Any CPU
		{C93A0A40-0551-4732-B594-171B87679AC1}.Debug|Any CPU.Build.0 = Debug|Any CPU
		{C93A0A40-0551-4732-B594-171B87679AC1}.Debug|x64.ActiveCfg = Debug|x64
		{C93A0A40-0551-4732-B594-171B87679AC1}.Debug|x64.Build.0 = Debug|x64
		{C93A0A40-0551-4732-B594-171B87679AC1}.Debug|x86.ActiveCfg = Debug|x86
		{C93A0A40-0551-4732-B594-171B87679AC1}.Debug|x86.Build.0 = Debug|x86
		{C93A0A40-0551-4732-B594-171B87679AC1}.Release|Any CPU.ActiveCfg = Release|Any CPU
		{C93A0A40-0551-4732-B594-171B87679AC1}.Release|Any CPU.Build.0 = Release|Any CPU
		{C93A0A40-0551-4732-B594-171B87679AC1}.Release|x64.ActiveCfg = Release|x64
		{C93A0A40-0551-4732-B594-171B87679AC1}.Release|x64.Build.0 = Release|x64
		{C93A0A40-0551-4732-B594-171B87679AC1}.Release|x86.ActiveCfg = Release|x86
		{C93A0A40-0551-4732-B594-171B87679AC1}.Release|x86.Build.0 = Release|x86
		{011EE023-E1B8-4645-BBE9-94AC35B55390}.Debug|Any CPU.ActiveCfg = Debug|Any CPU
		{011EE023-E1B8-4645-BBE9-94AC35B55390}.Debug|Any CPU.Build.0 = Debug|Any CPU
		{011EE023-E1B8-4645-BBE9-94AC35B55390}.Debug|x64.ActiveCfg = Debug|Any CPU
		{011EE023-E1B8-4645-BBE9-94AC35B55390}.Debug|x64.Build.0 = Debug|Any CPU
		{011EE023-E1B8-4645-BBE9-94AC35B55390}.Debug|x86.ActiveCfg = Debug|Any CPU
		{011EE023-E1B8-4645-BBE9-94AC35B55390}.Debug|x86.Build.0 = Debug|Any CPU
		{011EE023-E1B8-4645-BBE9-94AC35B55390}.Release|Any CPU.ActiveCfg = Release|Any CPU
		{011EE023-E1B8-4645-BBE9-94AC35B55390}.Release|Any CPU.Build.0 = Release|Any CPU
		{011EE023-E1B8-4645-BBE9-94AC35B55390}.Release|x64.ActiveCfg = Release|Any CPU
		{011EE023-E1B8-4645-BBE9-94AC35B55390}.Release|x64.Build.0 = Release|Any CPU
		{011EE023-E1B8-4645-BBE9-94AC35B55390}.Release|x86.ActiveCfg = Release|Any CPU
		{011EE023-E1B8-4645-BBE9-94AC35B55390}.Release|x86.Build.0 = Release|Any CPU
		{F030D498-8F64-479F-B68B-7B2A6288552A}.Debug|Any CPU.ActiveCfg = Debug|Any CPU
		{F030D498-8F64-479F-B68B-7B2A6288552A}.Debug|Any CPU.Build.0 = Debug|Any CPU
		{F030D498-8F64-479F-B68B-7B2A6288552A}.Debug|x64.ActiveCfg = Debug|Any CPU
		{F030D498-8F64-479F-B68B-7B2A6288552A}.Debug|x64.Build.0 = Debug|Any CPU
		{F030D498-8F64-479F-B68B-7B2A6288552A}.Debug|x86.ActiveCfg = Debug|Any CPU
		{F030D498-8F64-479F-B68B-7B2A6288552A}.Debug|x86.Build.0 = Debug|Any CPU
		{F030D498-8F64-479F-B68B-7B2A6288552A}.Release|Any CPU.ActiveCfg = Release|Any CPU
		{F030D498-8F64-479F-B68B-7B2A6288552A}.Release|Any CPU.Build.0 = Release|Any CPU
		{F030D498-8F64-479F-B68B-7B2A6288552A}.Release|x64.ActiveCfg = Release|Any CPU
		{F030D498-8F64-479F-B68B-7B2A6288552A}.Release|x64.Build.0 = Release|Any CPU
		{F030D498-8F64-479F-B68B-7B2A6288552A}.Release|x86.ActiveCfg = Release|Any CPU
		{F030D498-8F64-479F-B68B-7B2A6288552A}.Release|x86.Build.0 = Release|Any CPU
		{464CFEBD-B7D4-4D5F-97B5-0D38786B65A1}.Debug|Any CPU.ActiveCfg = Debug|Any CPU
		{464CFEBD-B7D4-4D5F-97B5-0D38786B65A1}.Debug|Any CPU.Build.0 = Debug|Any CPU
		{464CFEBD-B7D4-4D5F-97B5-0D38786B65A1}.Debug|x64.ActiveCfg = Debug|Any CPU
		{464CFEBD-B7D4-4D5F-97B5-0D38786B65A1}.Debug|x64.Build.0 = Debug|Any CPU
		{464CFEBD-B7D4-4D5F-97B5-0D38786B65A1}.Debug|x86.ActiveCfg = Debug|Any CPU
		{464CFEBD-B7D4-4D5F-97B5-0D38786B65A1}.Debug|x86.Build.0 = Debug|Any CPU
		{464CFEBD-B7D4-4D5F-97B5-0D38786B65A1}.Release|Any CPU.ActiveCfg = Release|Any CPU
		{464CFEBD-B7D4-4D5F-97B5-0D38786B65A1}.Release|Any CPU.Build.0 = Release|Any CPU
		{464CFEBD-B7D4-4D5F-97B5-0D38786B65A1}.Release|x64.ActiveCfg = Release|Any CPU
		{464CFEBD-B7D4-4D5F-97B5-0D38786B65A1}.Release|x64.Build.0 = Release|Any CPU
		{464CFEBD-B7D4-4D5F-97B5-0D38786B65A1}.Release|x86.ActiveCfg = Release|Any CPU
		{464CFEBD-B7D4-4D5F-97B5-0D38786B65A1}.Release|x86.Build.0 = Release|Any CPU
		{865A727D-5369-40CA-9085-DC6E751522D7}.Debug|Any CPU.ActiveCfg = Debug|Any CPU
		{865A727D-5369-40CA-9085-DC6E751522D7}.Debug|Any CPU.Build.0 = Debug|Any CPU
		{865A727D-5369-40CA-9085-DC6E751522D7}.Debug|x64.ActiveCfg = Debug|Any CPU
		{865A727D-5369-40CA-9085-DC6E751522D7}.Debug|x64.Build.0 = Debug|Any CPU
		{865A727D-5369-40CA-9085-DC6E751522D7}.Debug|x86.ActiveCfg = Debug|Any CPU
		{865A727D-5369-40CA-9085-DC6E751522D7}.Debug|x86.Build.0 = Debug|Any CPU
		{865A727D-5369-40CA-9085-DC6E751522D7}.Release|Any CPU.ActiveCfg = Release|Any CPU
		{865A727D-5369-40CA-9085-DC6E751522D7}.Release|Any CPU.Build.0 = Release|Any CPU
		{865A727D-5369-40CA-9085-DC6E751522D7}.Release|x64.ActiveCfg = Release|Any CPU
		{865A727D-5369-40CA-9085-DC6E751522D7}.Release|x64.Build.0 = Release|Any CPU
		{865A727D-5369-40CA-9085-DC6E751522D7}.Release|x86.ActiveCfg = Release|Any CPU
		{865A727D-5369-40CA-9085-DC6E751522D7}.Release|x86.Build.0 = Release|Any CPU
		{EADD17BE-20A4-4589-830E-E41BE9314928}.Debug|Any CPU.ActiveCfg = Debug|Any CPU
		{EADD17BE-20A4-4589-830E-E41BE9314928}.Debug|Any CPU.Build.0 = Debug|Any CPU
		{EADD17BE-20A4-4589-830E-E41BE9314928}.Debug|x64.ActiveCfg = Debug|x64
		{EADD17BE-20A4-4589-830E-E41BE9314928}.Debug|x64.Build.0 = Debug|x64
		{EADD17BE-20A4-4589-830E-E41BE9314928}.Debug|x86.ActiveCfg = Debug|x86
		{EADD17BE-20A4-4589-830E-E41BE9314928}.Debug|x86.Build.0 = Debug|x86
		{EADD17BE-20A4-4589-830E-E41BE9314928}.Release|Any CPU.ActiveCfg = Release|Any CPU
		{EADD17BE-20A4-4589-830E-E41BE9314928}.Release|Any CPU.Build.0 = Release|Any CPU
		{EADD17BE-20A4-4589-830E-E41BE9314928}.Release|x64.ActiveCfg = Release|x64
		{EADD17BE-20A4-4589-830E-E41BE9314928}.Release|x64.Build.0 = Release|x64
		{EADD17BE-20A4-4589-830E-E41BE9314928}.Release|x86.ActiveCfg = Release|x86
		{EADD17BE-20A4-4589-830E-E41BE9314928}.Release|x86.Build.0 = Release|x86
		{A6748A8D-0D96-41B9-A110-DBF692AFC56D}.Debug|Any CPU.ActiveCfg = Debug|Any CPU
		{A6748A8D-0D96-41B9-A110-DBF692AFC56D}.Debug|Any CPU.Build.0 = Debug|Any CPU
		{A6748A8D-0D96-41B9-A110-DBF692AFC56D}.Debug|x64.ActiveCfg = Debug|x64
		{A6748A8D-0D96-41B9-A110-DBF692AFC56D}.Debug|x64.Build.0 = Debug|x64
		{A6748A8D-0D96-41B9-A110-DBF692AFC56D}.Debug|x86.ActiveCfg = Debug|x86
		{A6748A8D-0D96-41B9-A110-DBF692AFC56D}.Debug|x86.Build.0 = Debug|x86
		{A6748A8D-0D96-41B9-A110-DBF692AFC56D}.Release|Any CPU.ActiveCfg = Release|Any CPU
		{A6748A8D-0D96-41B9-A110-DBF692AFC56D}.Release|Any CPU.Build.0 = Release|Any CPU
		{A6748A8D-0D96-41B9-A110-DBF692AFC56D}.Release|x64.ActiveCfg = Release|x64
		{A6748A8D-0D96-41B9-A110-DBF692AFC56D}.Release|x64.Build.0 = Release|x64
		{A6748A8D-0D96-41B9-A110-DBF692AFC56D}.Release|x86.ActiveCfg = Release|x86
		{A6748A8D-0D96-41B9-A110-DBF692AFC56D}.Release|x86.Build.0 = Release|x86
		{8FABDA5B-C873-4E32-A78F-08A9A4768595}.Debug|Any CPU.ActiveCfg = Debug|Any CPU
		{8FABDA5B-C873-4E32-A78F-08A9A4768595}.Debug|Any CPU.Build.0 = Debug|Any CPU
		{8FABDA5B-C873-4E32-A78F-08A9A4768595}.Debug|x64.ActiveCfg = Debug|x64
		{8FABDA5B-C873-4E32-A78F-08A9A4768595}.Debug|x64.Build.0 = Debug|x64
		{8FABDA5B-C873-4E32-A78F-08A9A4768595}.Debug|x86.ActiveCfg = Debug|x86
		{8FABDA5B-C873-4E32-A78F-08A9A4768595}.Debug|x86.Build.0 = Debug|x86
		{8FABDA5B-C873-4E32-A78F-08A9A4768595}.Release|Any CPU.ActiveCfg = Release|Any CPU
		{8FABDA5B-C873-4E32-A78F-08A9A4768595}.Release|Any CPU.Build.0 = Release|Any CPU
		{8FABDA5B-C873-4E32-A78F-08A9A4768595}.Release|x64.ActiveCfg = Release|x64
		{8FABDA5B-C873-4E32-A78F-08A9A4768595}.Release|x64.Build.0 = Release|x64
		{8FABDA5B-C873-4E32-A78F-08A9A4768595}.Release|x86.ActiveCfg = Release|x86
		{8FABDA5B-C873-4E32-A78F-08A9A4768595}.Release|x86.Build.0 = Release|x86
		{4BC2B4B0-2A38-4274-98A2-37CEF5F03B42}.Debug|Any CPU.ActiveCfg = Debug|Any CPU
		{4BC2B4B0-2A38-4274-98A2-37CEF5F03B42}.Debug|Any CPU.Build.0 = Debug|Any CPU
		{4BC2B4B0-2A38-4274-98A2-37CEF5F03B42}.Debug|x64.ActiveCfg = Debug|x64
		{4BC2B4B0-2A38-4274-98A2-37CEF5F03B42}.Debug|x64.Build.0 = Debug|x64
		{4BC2B4B0-2A38-4274-98A2-37CEF5F03B42}.Debug|x86.ActiveCfg = Debug|x86
		{4BC2B4B0-2A38-4274-98A2-37CEF5F03B42}.Debug|x86.Build.0 = Debug|x86
		{4BC2B4B0-2A38-4274-98A2-37CEF5F03B42}.Release|Any CPU.ActiveCfg = Release|Any CPU
		{4BC2B4B0-2A38-4274-98A2-37CEF5F03B42}.Release|Any CPU.Build.0 = Release|Any CPU
		{4BC2B4B0-2A38-4274-98A2-37CEF5F03B42}.Release|x64.ActiveCfg = Release|x64
		{4BC2B4B0-2A38-4274-98A2-37CEF5F03B42}.Release|x64.Build.0 = Release|x64
		{4BC2B4B0-2A38-4274-98A2-37CEF5F03B42}.Release|x86.ActiveCfg = Release|x86
		{4BC2B4B0-2A38-4274-98A2-37CEF5F03B42}.Release|x86.Build.0 = Release|x86
		{B5FE46A3-9C85-44D9-8EFB-4A33E7E77C4A}.Debug|Any CPU.ActiveCfg = Debug|Any CPU
		{B5FE46A3-9C85-44D9-8EFB-4A33E7E77C4A}.Debug|Any CPU.Build.0 = Debug|Any CPU
		{B5FE46A3-9C85-44D9-8EFB-4A33E7E77C4A}.Debug|x64.ActiveCfg = Debug|Any CPU
		{B5FE46A3-9C85-44D9-8EFB-4A33E7E77C4A}.Debug|x64.Build.0 = Debug|Any CPU
		{B5FE46A3-9C85-44D9-8EFB-4A33E7E77C4A}.Debug|x86.ActiveCfg = Debug|Any CPU
		{B5FE46A3-9C85-44D9-8EFB-4A33E7E77C4A}.Debug|x86.Build.0 = Debug|Any CPU
		{B5FE46A3-9C85-44D9-8EFB-4A33E7E77C4A}.Release|Any CPU.ActiveCfg = Release|Any CPU
		{B5FE46A3-9C85-44D9-8EFB-4A33E7E77C4A}.Release|Any CPU.Build.0 = Release|Any CPU
		{B5FE46A3-9C85-44D9-8EFB-4A33E7E77C4A}.Release|x64.ActiveCfg = Release|Any CPU
		{B5FE46A3-9C85-44D9-8EFB-4A33E7E77C4A}.Release|x64.Build.0 = Release|Any CPU
		{B5FE46A3-9C85-44D9-8EFB-4A33E7E77C4A}.Release|x86.ActiveCfg = Release|Any CPU
		{B5FE46A3-9C85-44D9-8EFB-4A33E7E77C4A}.Release|x86.Build.0 = Release|Any CPU
		{AB3A47F3-3B2A-484A-B768-7C6CF5C83386}.Debug|Any CPU.ActiveCfg = Debug|Any CPU
		{AB3A47F3-3B2A-484A-B768-7C6CF5C83386}.Debug|Any CPU.Build.0 = Debug|Any CPU
		{AB3A47F3-3B2A-484A-B768-7C6CF5C83386}.Debug|x64.ActiveCfg = Debug|Any CPU
		{AB3A47F3-3B2A-484A-B768-7C6CF5C83386}.Debug|x64.Build.0 = Debug|Any CPU
		{AB3A47F3-3B2A-484A-B768-7C6CF5C83386}.Debug|x86.ActiveCfg = Debug|x86
		{AB3A47F3-3B2A-484A-B768-7C6CF5C83386}.Debug|x86.Build.0 = Debug|x86
		{AB3A47F3-3B2A-484A-B768-7C6CF5C83386}.Release|Any CPU.ActiveCfg = Release|Any CPU
		{AB3A47F3-3B2A-484A-B768-7C6CF5C83386}.Release|Any CPU.Build.0 = Release|Any CPU
		{AB3A47F3-3B2A-484A-B768-7C6CF5C83386}.Release|x64.ActiveCfg = Release|Any CPU
		{AB3A47F3-3B2A-484A-B768-7C6CF5C83386}.Release|x64.Build.0 = Release|Any CPU
		{AB3A47F3-3B2A-484A-B768-7C6CF5C83386}.Release|x86.ActiveCfg = Release|x86
		{AB3A47F3-3B2A-484A-B768-7C6CF5C83386}.Release|x86.Build.0 = Release|x86
		{9AA91BF5-88E7-4130-9F42-73AE206E2916}.Debug|Any CPU.ActiveCfg = Debug|Any CPU
		{9AA91BF5-88E7-4130-9F42-73AE206E2916}.Debug|Any CPU.Build.0 = Debug|Any CPU
		{9AA91BF5-88E7-4130-9F42-73AE206E2916}.Debug|x64.ActiveCfg = Debug|Any CPU
		{9AA91BF5-88E7-4130-9F42-73AE206E2916}.Debug|x64.Build.0 = Debug|Any CPU
		{9AA91BF5-88E7-4130-9F42-73AE206E2916}.Debug|x86.ActiveCfg = Debug|Any CPU
		{9AA91BF5-88E7-4130-9F42-73AE206E2916}.Debug|x86.Build.0 = Debug|Any CPU
		{9AA91BF5-88E7-4130-9F42-73AE206E2916}.Release|Any CPU.ActiveCfg = Release|Any CPU
		{9AA91BF5-88E7-4130-9F42-73AE206E2916}.Release|Any CPU.Build.0 = Release|Any CPU
		{9AA91BF5-88E7-4130-9F42-73AE206E2916}.Release|x64.ActiveCfg = Release|Any CPU
		{9AA91BF5-88E7-4130-9F42-73AE206E2916}.Release|x64.Build.0 = Release|Any CPU
		{9AA91BF5-88E7-4130-9F42-73AE206E2916}.Release|x86.ActiveCfg = Release|Any CPU
		{9AA91BF5-88E7-4130-9F42-73AE206E2916}.Release|x86.Build.0 = Release|Any CPU
		{9DC21067-A102-419A-993C-4AA10C0B4708}.Debug|Any CPU.ActiveCfg = Debug|Any CPU
		{9DC21067-A102-419A-993C-4AA10C0B4708}.Debug|Any CPU.Build.0 = Debug|Any CPU
		{9DC21067-A102-419A-993C-4AA10C0B4708}.Debug|x64.ActiveCfg = Debug|Any CPU
		{9DC21067-A102-419A-993C-4AA10C0B4708}.Debug|x64.Build.0 = Debug|Any CPU
		{9DC21067-A102-419A-993C-4AA10C0B4708}.Debug|x86.ActiveCfg = Debug|Any CPU
		{9DC21067-A102-419A-993C-4AA10C0B4708}.Debug|x86.Build.0 = Debug|Any CPU
		{9DC21067-A102-419A-993C-4AA10C0B4708}.Release|Any CPU.ActiveCfg = Release|Any CPU
		{9DC21067-A102-419A-993C-4AA10C0B4708}.Release|Any CPU.Build.0 = Release|Any CPU
		{9DC21067-A102-419A-993C-4AA10C0B4708}.Release|x64.ActiveCfg = Release|Any CPU
		{9DC21067-A102-419A-993C-4AA10C0B4708}.Release|x64.Build.0 = Release|Any CPU
		{9DC21067-A102-419A-993C-4AA10C0B4708}.Release|x86.ActiveCfg = Release|Any CPU
		{9DC21067-A102-419A-993C-4AA10C0B4708}.Release|x86.Build.0 = Release|Any CPU
		{EC300279-181E-4E6E-A94C-E8BAF0EAB2AD}.Debug|Any CPU.ActiveCfg = Debug|Any CPU
		{EC300279-181E-4E6E-A94C-E8BAF0EAB2AD}.Debug|Any CPU.Build.0 = Debug|Any CPU
		{EC300279-181E-4E6E-A94C-E8BAF0EAB2AD}.Debug|x64.ActiveCfg = Debug|Any CPU
		{EC300279-181E-4E6E-A94C-E8BAF0EAB2AD}.Debug|x64.Build.0 = Debug|Any CPU
		{EC300279-181E-4E6E-A94C-E8BAF0EAB2AD}.Debug|x86.ActiveCfg = Debug|Any CPU
		{EC300279-181E-4E6E-A94C-E8BAF0EAB2AD}.Debug|x86.Build.0 = Debug|Any CPU
		{EC300279-181E-4E6E-A94C-E8BAF0EAB2AD}.Release|Any CPU.ActiveCfg = Release|Any CPU
		{EC300279-181E-4E6E-A94C-E8BAF0EAB2AD}.Release|Any CPU.Build.0 = Release|Any CPU
		{EC300279-181E-4E6E-A94C-E8BAF0EAB2AD}.Release|x64.ActiveCfg = Release|Any CPU
		{EC300279-181E-4E6E-A94C-E8BAF0EAB2AD}.Release|x64.Build.0 = Release|Any CPU
		{EC300279-181E-4E6E-A94C-E8BAF0EAB2AD}.Release|x86.ActiveCfg = Release|Any CPU
		{EC300279-181E-4E6E-A94C-E8BAF0EAB2AD}.Release|x86.Build.0 = Release|Any CPU
		{CE1BCBE7-EDB7-4564-A11E-8D90868DF9D0}.Debug|Any CPU.ActiveCfg = Debug|Any CPU
		{CE1BCBE7-EDB7-4564-A11E-8D90868DF9D0}.Debug|Any CPU.Build.0 = Debug|Any CPU
		{CE1BCBE7-EDB7-4564-A11E-8D90868DF9D0}.Debug|x64.ActiveCfg = Debug|Any CPU
		{CE1BCBE7-EDB7-4564-A11E-8D90868DF9D0}.Debug|x64.Build.0 = Debug|Any CPU
		{CE1BCBE7-EDB7-4564-A11E-8D90868DF9D0}.Debug|x86.ActiveCfg = Debug|Any CPU
		{CE1BCBE7-EDB7-4564-A11E-8D90868DF9D0}.Debug|x86.Build.0 = Debug|Any CPU
		{CE1BCBE7-EDB7-4564-A11E-8D90868DF9D0}.Release|Any CPU.ActiveCfg = Release|Any CPU
		{CE1BCBE7-EDB7-4564-A11E-8D90868DF9D0}.Release|Any CPU.Build.0 = Release|Any CPU
		{CE1BCBE7-EDB7-4564-A11E-8D90868DF9D0}.Release|x64.ActiveCfg = Release|Any CPU
		{CE1BCBE7-EDB7-4564-A11E-8D90868DF9D0}.Release|x64.Build.0 = Release|Any CPU
		{CE1BCBE7-EDB7-4564-A11E-8D90868DF9D0}.Release|x86.ActiveCfg = Release|Any CPU
		{CE1BCBE7-EDB7-4564-A11E-8D90868DF9D0}.Release|x86.Build.0 = Release|Any CPU
		{B6E096AC-3141-46DA-8CE6-545D7776D9D8}.Debug|Any CPU.ActiveCfg = Debug|Any CPU
		{B6E096AC-3141-46DA-8CE6-545D7776D9D8}.Debug|Any CPU.Build.0 = Debug|Any CPU
		{B6E096AC-3141-46DA-8CE6-545D7776D9D8}.Debug|x64.ActiveCfg = Debug|Any CPU
		{B6E096AC-3141-46DA-8CE6-545D7776D9D8}.Debug|x64.Build.0 = Debug|Any CPU
		{B6E096AC-3141-46DA-8CE6-545D7776D9D8}.Debug|x86.ActiveCfg = Debug|Any CPU
		{B6E096AC-3141-46DA-8CE6-545D7776D9D8}.Debug|x86.Build.0 = Debug|Any CPU
		{B6E096AC-3141-46DA-8CE6-545D7776D9D8}.Release|Any CPU.ActiveCfg = Release|Any CPU
		{B6E096AC-3141-46DA-8CE6-545D7776D9D8}.Release|Any CPU.Build.0 = Release|Any CPU
		{B6E096AC-3141-46DA-8CE6-545D7776D9D8}.Release|x64.ActiveCfg = Release|Any CPU
		{B6E096AC-3141-46DA-8CE6-545D7776D9D8}.Release|x64.Build.0 = Release|Any CPU
		{B6E096AC-3141-46DA-8CE6-545D7776D9D8}.Release|x86.ActiveCfg = Release|Any CPU
		{B6E096AC-3141-46DA-8CE6-545D7776D9D8}.Release|x86.Build.0 = Release|Any CPU
		{D1EC765C-EA41-4DC6-944D-0DB37157DEE3}.Debug|Any CPU.ActiveCfg = Debug|Any CPU
		{D1EC765C-EA41-4DC6-944D-0DB37157DEE3}.Debug|Any CPU.Build.0 = Debug|Any CPU
		{D1EC765C-EA41-4DC6-944D-0DB37157DEE3}.Debug|x64.ActiveCfg = Debug|Any CPU
		{D1EC765C-EA41-4DC6-944D-0DB37157DEE3}.Debug|x64.Build.0 = Debug|Any CPU
		{D1EC765C-EA41-4DC6-944D-0DB37157DEE3}.Debug|x86.ActiveCfg = Debug|Any CPU
		{D1EC765C-EA41-4DC6-944D-0DB37157DEE3}.Debug|x86.Build.0 = Debug|Any CPU
		{D1EC765C-EA41-4DC6-944D-0DB37157DEE3}.Release|Any CPU.ActiveCfg = Release|Any CPU
		{D1EC765C-EA41-4DC6-944D-0DB37157DEE3}.Release|Any CPU.Build.0 = Release|Any CPU
		{D1EC765C-EA41-4DC6-944D-0DB37157DEE3}.Release|x64.ActiveCfg = Release|Any CPU
		{D1EC765C-EA41-4DC6-944D-0DB37157DEE3}.Release|x64.Build.0 = Release|Any CPU
		{D1EC765C-EA41-4DC6-944D-0DB37157DEE3}.Release|x86.ActiveCfg = Release|Any CPU
		{D1EC765C-EA41-4DC6-944D-0DB37157DEE3}.Release|x86.Build.0 = Release|Any CPU
		{9490738C-9D49-4A92-B874-5E438C8DBF0F}.Debug|Any CPU.ActiveCfg = Debug|Any CPU
		{9490738C-9D49-4A92-B874-5E438C8DBF0F}.Debug|Any CPU.Build.0 = Debug|Any CPU
		{9490738C-9D49-4A92-B874-5E438C8DBF0F}.Debug|x64.ActiveCfg = Debug|Any CPU
		{9490738C-9D49-4A92-B874-5E438C8DBF0F}.Debug|x64.Build.0 = Debug|Any CPU
		{9490738C-9D49-4A92-B874-5E438C8DBF0F}.Debug|x86.ActiveCfg = Debug|Any CPU
		{9490738C-9D49-4A92-B874-5E438C8DBF0F}.Debug|x86.Build.0 = Debug|Any CPU
		{9490738C-9D49-4A92-B874-5E438C8DBF0F}.Release|Any CPU.ActiveCfg = Release|Any CPU
		{9490738C-9D49-4A92-B874-5E438C8DBF0F}.Release|Any CPU.Build.0 = Release|Any CPU
		{9490738C-9D49-4A92-B874-5E438C8DBF0F}.Release|x64.ActiveCfg = Release|Any CPU
		{9490738C-9D49-4A92-B874-5E438C8DBF0F}.Release|x64.Build.0 = Release|Any CPU
		{9490738C-9D49-4A92-B874-5E438C8DBF0F}.Release|x86.ActiveCfg = Release|Any CPU
		{9490738C-9D49-4A92-B874-5E438C8DBF0F}.Release|x86.Build.0 = Release|Any CPU
	EndGlobalSection
	GlobalSection(SolutionProperties) = preSolution
		HideSolutionNode = FALSE
	EndGlobalSection
	GlobalSection(NestedProjects) = preSolution
		{6681EB59-1773-45BE-9F10-099524882836} = {DCD8D9D8-0546-4C31-8808-D4A37FAC2814}
		{8D199C92-D754-461F-89B0-83C2B4E6DF9F} = {5FA42254-7721-4499-9DF2-7C3CEB18EC74}
		{DECB5668-600C-49F1-A5C8-CDE5A12C9F5A} = {5FA42254-7721-4499-9DF2-7C3CEB18EC74}
		{A8289E58-4507-4614-8A28-9FF936BEE009} = {5FA42254-7721-4499-9DF2-7C3CEB18EC74}
		{D8C8A266-3D46-42C5-A492-28C75DB85BA8} = {0BA58F1C-DD60-44D2-BEFC-934FBF3B2FE6}
		{B438A1DF-0CFB-4854-82B5-2751793279BF} = {0BA58F1C-DD60-44D2-BEFC-934FBF3B2FE6}
		{4AECC47D-098A-4493-8E1E-D10EDBB7A189} = {0BA58F1C-DD60-44D2-BEFC-934FBF3B2FE6}
		{175C851B-8DC8-43A5-AF93-AF32D106CD77} = {0BA58F1C-DD60-44D2-BEFC-934FBF3B2FE6}
		{F1071DED-3D92-4416-9B9C-8664441ADE64} = {0BA58F1C-DD60-44D2-BEFC-934FBF3B2FE6}
		{057B5A6F-378A-4BD9-B17B-074C7F5C9FEC} = {0BA58F1C-DD60-44D2-BEFC-934FBF3B2FE6}
		{A09A8666-2598-4F86-8F5E-9A2708354F37} = {C68114B9-0B52-4F03-88A7-C45195B2C18A}
		{20ADDDDD-DAD9-44F3-9BEB-026C73090660} = {2494F96A-FC6B-4C7F-B5DE-17AD1D957ABD}
		{C93A0A40-0551-4732-B594-171B87679AC1} = {DCD8D9D8-0546-4C31-8808-D4A37FAC2814}
		{011EE023-E1B8-4645-BBE9-94AC35B55390} = {DCD8D9D8-0546-4C31-8808-D4A37FAC2814}
		{F030D498-8F64-479F-B68B-7B2A6288552A} = {E7311CE9-D4FD-41E5-86DB-0C03A15CA1A3}
		{464CFEBD-B7D4-4D5F-97B5-0D38786B65A1} = {DCD8D9D8-0546-4C31-8808-D4A37FAC2814}
		{865A727D-5369-40CA-9085-DC6E751522D7} = {DCD8D9D8-0546-4C31-8808-D4A37FAC2814}
		{EADD17BE-20A4-4589-830E-E41BE9314928} = {DCD8D9D8-0546-4C31-8808-D4A37FAC2814}
		{A6748A8D-0D96-41B9-A110-DBF692AFC56D} = {DCD8D9D8-0546-4C31-8808-D4A37FAC2814}
		{8FABDA5B-C873-4E32-A78F-08A9A4768595} = {DCD8D9D8-0546-4C31-8808-D4A37FAC2814}
		{4BC2B4B0-2A38-4274-98A2-37CEF5F03B42} = {DCD8D9D8-0546-4C31-8808-D4A37FAC2814}
		{B5FE46A3-9C85-44D9-8EFB-4A33E7E77C4A} = {DCD8D9D8-0546-4C31-8808-D4A37FAC2814}
		{AB3A47F3-3B2A-484A-B768-7C6CF5C83386} = {C68114B9-0B52-4F03-88A7-C45195B2C18A}
		{9AA91BF5-88E7-4130-9F42-73AE206E2916} = {C68114B9-0B52-4F03-88A7-C45195B2C18A}
		{9DC21067-A102-419A-993C-4AA10C0B4708} = {C68114B9-0B52-4F03-88A7-C45195B2C18A}
		{EC300279-181E-4E6E-A94C-E8BAF0EAB2AD} = {C68114B9-0B52-4F03-88A7-C45195B2C18A}
		{CE1BCBE7-EDB7-4564-A11E-8D90868DF9D0} = {DCD8D9D8-0546-4C31-8808-D4A37FAC2814}
		{FB854081-C64C-43DB-92C3-42500A720638} = {9C14B463-4E7B-4692-A7D6-F52D632C85C0}
		{F8D76798-FF24-43B0-84CA-F335AAB77213} = {9C14B463-4E7B-4692-A7D6-F52D632C85C0}
		{FF5C053F-616B-4308-BE71-B8B64DD80239} = {9C14B463-4E7B-4692-A7D6-F52D632C85C0}
		{827D7FC4-E1BB-4075-8C94-F2E5EB043794} = {FF5C053F-616B-4308-BE71-B8B64DD80239}
		{B6E096AC-3141-46DA-8CE6-545D7776D9D8} = {C68114B9-0B52-4F03-88A7-C45195B2C18A}
		{D1EC765C-EA41-4DC6-944D-0DB37157DEE3} = {C68114B9-0B52-4F03-88A7-C45195B2C18A}
		{9490738C-9D49-4A92-B874-5E438C8DBF0F} = {015FE221-96B2-289B-A0E8-6E7354784A75}
	EndGlobalSection
	GlobalSection(ExtensibilityGlobals) = postSolution
		SolutionGuid = {F1D27AF5-35E0-4098-A1E3-40FB00845C9B}
	EndGlobalSection
EndGlobal
